
Microsoft Visual Studio Solution File, Format Version 12.00
# Visual Studio Version 17
VisualStudioVersion = 17.8.34309.116
MinimumVisualStudioVersion = 10.0.40219.1
Project("{9A19103F-16F7-4668-BE54-9A1E7A4F7556}") = "UserIntegrationTests", "UserIntegrationTests.csproj", "{8252141A-D7B4-4DB1-AE7A-69B0B15C0D6F}"
EndProject
Project("{9A19103F-16F7-4668-BE54-9A1E7A4F7556}") = "PersonIntegrationTests", "PersonUnitTest\PersonIntegrationTests.csproj", "{0F0B7D94-60AA-4E6D-B898-BC2BEE4DA6BE}"
EndProject
Project("{9A19103F-16F7-4668-BE54-9A1E7A4F7556}") = "Infrastructure", "Infrastructure\Infrastructure.csproj", "{257ED103-205D-4348-9C71-988D08F49E5B}"
EndProject
Global
	GlobalSection(SolutionConfigurationPlatforms) = preSolution
		Debug|Any CPU = Debug|Any CPU
		Release|Any CPU = Release|Any CPU
	EndGlobalSection
	GlobalSection(ProjectConfigurationPlatforms) = postSolution
		{8252141A-D7B4-4DB1-AE7A-69B0B15C0D6F}.Debug|Any CPU.ActiveCfg = Debug|Any CPU
		{8252141A-D7B4-4DB1-AE7A-69B0B15C0D6F}.Debug|Any CPU.Build.0 = Debug|Any CPU
		{8252141A-D7B4-4DB1-AE7A-69B0B15C0D6F}.Release|Any CPU.ActiveCfg = Release|Any CPU
		{8252141A-D7B4-4DB1-AE7A-69B0B15C0D6F}.Release|Any CPU.Build.0 = Release|Any CPU
		{0F0B7D94-60AA-4E6D-B898-BC2BEE4DA6BE}.Debug|Any CPU.ActiveCfg = Debug|Any CPU
		{0F0B7D94-60AA-4E6D-B898-BC2BEE4DA6BE}.Debug|Any CPU.Build.0 = Debug|Any CPU
		{0F0B7D94-60AA-4E6D-B898-BC2BEE4DA6BE}.Release|Any CPU.ActiveCfg = Release|Any CPU
		{0F0B7D94-60AA-4E6D-B898-BC2BEE4DA6BE}.Release|Any CPU.Build.0 = Release|Any CPU
		{257ED103-205D-4348-9C71-988D08F49E5B}.Debug|Any CPU.ActiveCfg = Debug|Any CPU
		{257ED103-205D-4348-9C71-988D08F49E5B}.Debug|Any CPU.Build.0 = Debug|Any CPU
		{257ED103-205D-4348-9C71-988D08F49E5B}.Release|Any CPU.ActiveCfg = Release|Any CPU
		{257ED103-205D-4348-9C71-988D08F49E5B}.Release|Any CPU.Build.0 = Release|Any CPU
	EndGlobalSection
	GlobalSection(SolutionProperties) = preSolution
		HideSolutionNode = FALSE
	EndGlobalSection
	GlobalSection(ExtensibilityGlobals) = postSolution
		SolutionGuid = {7D5E84DF-8194-4A5A-8185-CDBDAB19E1CE}
	EndGlobalSection
EndGlobal
